
Microsoft Visual Studio Solution File, Format Version 12.00
# Visual Studio Version 17
VisualStudioVersion = 17.14.36930.0
MinimumVisualStudioVersion = 10.0.40219.1
Project("{FAE04EC0-301F-11D3-BF4B-00C04F79EFBC}") = "inaApp.Services", "inaApp.Services\inaApp.Services.csproj", "{35EC0F9B-5434-41EA-BE1F-D6B4EEC8569D}"
EndProject
Project("{FAE04EC0-301F-11D3-BF4B-00C04F79EFBC}") = "inaApp.Repository", "inaApp.Repository\inaApp.Repository.csproj", "{228B5F7A-CE13-4C3E-A678-38288D39047D}"
EndProject
Project("{FAE04EC0-301F-11D3-BF4B-00C04F79EFBC}") = "inaApp.Entities", "inaApp.Entities\inaApp.Entities.csproj", "{DA6C76D8-AADA-416A-8C6A-41DCA5345C36}"
EndProject
Project("{FAE04EC0-301F-11D3-BF4B-00C04F79EFBC}") = "inaApp.Common", "inaApp.Common\inaApp.Common.csproj", "{047CC8E8-230E-4AFD-B31F-88CD08E47335}"
EndProject
Project("{FAE04EC0-301F-11D3-BF4B-00C04F79EFBC}") = "inaApp.Api", "inaApp.Api\inaApp.Api.csproj", "{DE19C9F3-5246-E981-08D1-B6194E9941FC}"
EndProject
Project("{FAE04EC0-301F-11D3-BF4B-00C04F79EFBC}") = "inaApp.Data", "inaApp.Data\inaApp.Data.csproj", "{E4233027-C4F9-0582-86A1-766565288962}"
EndProject
Global
	GlobalSection(SolutionConfigurationPlatforms) = preSolution
		Debug|Any CPU = Debug|Any CPU
		Release|Any CPU = Release|Any CPU
	EndGlobalSection
	GlobalSection(ProjectConfigurationPlatforms) = postSolution
		{35EC0F9B-5434-41EA-BE1F-D6B4EEC8569D}.Debug|Any CPU.ActiveCfg = Debug|Any CPU
		{35EC0F9B-5434-41EA-BE1F-D6B4EEC8569D}.Debug|Any CPU.Build.0 = Debug|Any CPU
		{35EC0F9B-5434-41EA-BE1F-D6B4EEC8569D}.Release|Any CPU.ActiveCfg = Release|Any CPU
		{35EC0F9B-5434-41EA-BE1F-D6B4EEC8569D}.Release|Any CPU.Build.0 = Release|Any CPU
		{228B5F7A-CE13-4C3E-A678-38288D39047D}.Debug|Any CPU.ActiveCfg = Debug|Any CPU
		{228B5F7A-CE13-4C3E-A678-38288D39047D}.Debug|Any CPU.Build.0 = Debug|Any CPU
		{228B5F7A-CE13-4C3E-A678-38288D39047D}.Release|Any CPU.ActiveCfg = Release|Any CPU
		{228B5F7A-CE13-4C3E-A678-38288D39047D}.Release|Any CPU.Build.0 = Release|Any CPU
		{DA6C76D8-AADA-416A-8C6A-41DCA5345C36}.Debug|Any CPU.ActiveCfg = Debug|Any CPU
		{DA6C76D8-AADA-416A-8C6A-41DCA5345C36}.Debug|Any CPU.Build.0 = Debug|Any CPU
		{DA6C76D8-AADA-416A-8C6A-41DCA5345C36}.Release|Any CPU.ActiveCfg = Release|Any CPU
		{DA6C76D8-AADA-416A-8C6A-41DCA5345C36}.Release|Any CPU.Build.0 = Release|Any CPU
		{047CC8E8-230E-4AFD-B31F-88CD08E47335}.Debug|Any CPU.ActiveCfg = Debug|Any CPU
		{047CC8E8-230E-4AFD-B31F-88CD08E47335}.Debug|Any CPU.Build.0 = Debug|Any CPU
		{047CC8E8-230E-4AFD-B31F-88CD08E47335}.Release|Any CPU.ActiveCfg = Release|Any CPU
		{047CC8E8-230E-4AFD-B31F-88CD08E47335}.Release|Any CPU.Build.0 = Release|Any CPU
		{DE19C9F3-5246-E981-08D1-B6194E9941FC}.Debug|Any CPU.ActiveCfg = Debug|Any CPU
		{DE19C9F3-5246-E981-08D1-B6194E9941FC}.Debug|Any CPU.Build.0 = Debug|Any CPU
		{DE19C9F3-5246-E981-08D1-B6194E9941FC}.Release|Any CPU.ActiveCfg = Release|Any CPU
		{DE19C9F3-5246-E981-08D1-B6194E9941FC}.Release|Any CPU.Build.0 = Release|Any CPU
		{E4233027-C4F9-0582-86A1-766565288962}.Debug|Any CPU.ActiveCfg = Debug|Any CPU
		{E4233027-C4F9-0582-86A1-766565288962}.Debug|Any CPU.Build.0 = Debug|Any CPU
		{E4233027-C4F9-0582-86A1-766565288962}.Release|Any CPU.ActiveCfg = Release|Any CPU
		{E4233027-C4F9-0582-86A1-766565288962}.Release|Any CPU.Build.0 = Release|Any CPU
	EndGlobalSection
	GlobalSection(SolutionProperties) = preSolution
		HideSolutionNode = FALSE
	EndGlobalSection
	GlobalSection(ExtensibilityGlobals) = postSolution
		SolutionGuid = {8096C87C-BE9B-4660-9802-03AE3E10C3BE}
	EndGlobalSection
EndGlobal
